
Microsoft Visual Studio Solution File, Format Version 12.00
# Visual Studio 15
VisualStudioVersion = 15.0.28307.136
MinimumVisualStudioVersion = 10.0.40219.1
Project("{8BC9CEB8-8B4A-11D0-8D11-00A0C91BC942}") = "Project3", "Project3\Project3.vcxproj", "{A3B3A0E3-A3F5-467C-86A2-8DBD5DEB2BE5}"
EndProject
Global
	GlobalSection(SolutionConfigurationPlatforms) = preSolution
		Debug|x64 = Debug|x64
		Debug|x86 = Debug|x86
		Release|x64 = Release|x64
		Release|x86 = Release|x86
	EndGlobalSection
	GlobalSection(ProjectConfigurationPlatforms) = postSolution
		{A3B3A0E3-A3F5-467C-86A2-8DBD5DEB2BE5}.Debug|x64.ActiveCfg = Debug|x64
		{A3B3A0E3-A3F5-467C-86A2-8DBD5DEB2BE5}.Debug|x64.Build.0 = Debug|x64
		{A3B3A0E3-A3F5-467C-86A2-8DBD5DEB2BE5}.Debug|x86.ActiveCfg = Debug|Win32
		{A3B3A0E3-A3F5-467C-86A2-8DBD5DEB2BE5}.Debug|x86.Build.0 = Debug|Win32
		{A3B3A0E3-A3F5-467C-86A2-8DBD5DEB2BE5}.Release|x64.ActiveCfg = Release|x64
		{A3B3A0E3-A3F5-467C-86A2-8DBD5DEB2BE5}.Release|x64.Build.0 = Release|x64
		{A3B3A0E3-A3F5-467C-86A2-8DBD5DEB2BE5}.Release|x86.ActiveCfg = Release|Win32
		{A3B3A0E3-A3F5-467C-86A2-8DBD5DEB2BE5}.Release|x86.Build.0 = Release|Win32
	EndGlobalSection
	GlobalSection(SolutionProperties) = preSolution
		HideSolutionNode = FALSE
	EndGlobalSection
	GlobalSection(ExtensibilityGlobals) = postSolution
		SolutionGuid = {2EB20697-19BD-4AD6-A637-2BFAF2FED80D}
	EndGlobalSection
EndGlobal
